
Microsoft Visual Studio Solution File, Format Version 12.00
# Visual Studio Version 16
VisualStudioVersion = 16.0.31829.152
MinimumVisualStudioVersion = 10.0.40219.1
Project("{FAE04EC0-301F-11D3-BF4B-00C04F79EFBC}") = "Vs2K19-Demo17-11", "Vs2K19-Demo17-11\Vs2K19-Demo17-11.csproj", "{1C2FA54A-8C40-4DE4-8F71-615D189142B2}"
EndProject
Global
	GlobalSection(SolutionConfigurationPlatforms) = preSolution
		Debug|Any CPU = Debug|Any CPU
		Release|Any CPU = Release|Any CPU
	EndGlobalSection
	GlobalSection(ProjectConfigurationPlatforms) = postSolution
		{1C2FA54A-8C40-4DE4-8F71-615D189142B2}.Debug|Any CPU.ActiveCfg = Debug|Any CPU
		{1C2FA54A-8C40-4DE4-8F71-615D189142B2}.Debug|Any CPU.Build.0 = Debug|Any CPU
		{1C2FA54A-8C40-4DE4-8F71-615D189142B2}.Release|Any CPU.ActiveCfg = Release|Any CPU
		{1C2FA54A-8C40-4DE4-8F71-615D189142B2}.Release|Any CPU.Build.0 = Release|Any CPU
	EndGlobalSection
	GlobalSection(SolutionProperties) = preSolution
		HideSolutionNode = FALSE
	EndGlobalSection
	GlobalSection(ExtensibilityGlobals) = postSolution
		SolutionGuid = {036BE589-3713-4A16-82BF-89B58A29F8C5}
	EndGlobalSection
EndGlobal
